PODS:
  - Google-Mobile-Ads-SDK (8.12.0):
    - GoogleAppMeasurement (< 9.0, >= 7.0)
    - GoogleUserMessagingPlatform (>= 1.1)
  - GoogleAppMeasurement (8.9.1):
    - GoogleAppMeasurement/AdIdSupport (= 8.9.1)
    - GoogleUtilities/AppDelegateSwizzler (~> 7.6)
    - GoogleUtilities/MethodSwizzler (~> 7.6)
    - GoogleUtilities/Network (~> 7.6)
    - "GoogleUtilities/NSData+zlib (~> 7.6)"
    - nanopb (~> 2.30908.0)
  - GoogleAppMeasurement/AdIdSupport (8.9.1):
    - GoogleAppMeasurement/WithoutAdIdSupport (= 8.9.1)
    - GoogleUtilities/AppDelegateSwizzler (~> 7.6)
    - GoogleUtilities/MethodSwizzler (~> 7.6)
    - GoogleUtilities/Network (~> 7.6)
    - "GoogleUtilities/NSData+zlib (~> 7.6)"
    - nanopb (~> 2.30908.0)
  - GoogleAppMeasurement/WithoutAdIdSupport (8.9.1):
    - GoogleUtilities/AppDelegateSwizzler (~> 7.6)
    - GoogleUtilities/MethodSwizzler (~> 7.6)
    - GoogleUtilities/Network (~> 7.6)
    - "GoogleUtilities/NSData+zlib (~> 7.6)"
    - nanopb (~> 2.30908.0)
  - GoogleUserMessagingPlatform (2.0.0)
  - GoogleUtilities/AppDelegateSwizzler (7.6.0):
    - GoogleUtilities/Environment
    - GoogleUtilities/Logger
    - GoogleUtilities/Network
  - GoogleUtilities/Environment (7.6.0):
    - PromisesObjC (< 3.0, >= 1.2)
  - GoogleUtilities/Logger (7.6.0):
    - GoogleUtilities/Environment
  - GoogleUtilities/MethodSwizzler (7.6.0):
    - GoogleUtilities/Logger
  - GoogleUtilities/Network (7.6.0):
    - GoogleUtilities/Logger
    - "GoogleUtilities/NSData+zlib"
    - GoogleUtilities/Reachability
  - "GoogleUtilities/NSData+zlib (7.6.0)"
  - GoogleUtilities/Reachability (7.6.0):
    - GoogleUtilities/Logger
  - MFXSDK (4.2.2)
  - MFXSDK_AdMob (4.2.2):
    - Google-Mobile-Ads-SDK (~> 8.0)
    - MFXSDK (= 4.2.2)
  - MFXSDK_MoPub (4.2.2):
    - MFXSDK (= 4.2.2)
    - mopub-ios-sdk (~> 5.5)
  - mopub-ios-sdk (5.12.1):
    - mopub-ios-sdk/MoPubSDK (= 5.12.1)
  - mopub-ios-sdk/Avid (5.12.1):
    - mopub-ios-sdk/Core
  - mopub-ios-sdk/Core (5.12.1)
  - mopub-ios-sdk/Moat (5.12.1):
    - mopub-ios-sdk/Core
  - mopub-ios-sdk/MoPubSDK (5.12.1):
    - mopub-ios-sdk/Avid
    - mopub-ios-sdk/Core
    - mopub-ios-sdk/Moat
    - mopub-ios-sdk/NativeAds
  - mopub-ios-sdk/NativeAds (5.12.1):
    - mopub-ios-sdk/Core
  - nanopb (2.30908.0):
    - nanopb/decode (= 2.30908.0)
    - nanopb/encode (= 2.30908.0)
  - nanopb/decode (2.30908.0)
  - nanopb/encode (2.30908.0)
  - PromisesObjC (2.0.0)

DEPENDENCIES:
  - Google-Mobile-Ads-SDK (~> 8.0)
  - MFXSDK (from `../`)
  - MFXSDK_AdMob (from `../`)
  - MFXSDK_MoPub (from `../`)
  - mopub-ios-sdk (~> 5.11)

SPEC REPOS:
  trunk:
    - Google-Mobile-Ads-SDK
    - GoogleAppMeasurement
    - GoogleUserMessagingPlatform
    - GoogleUtilities
    - mopub-ios-sdk
    - nanopb
    - PromisesObjC

EXTERNAL SOURCES:
  MFXSDK:
    :path: "../"
  MFXSDK_AdMob:
    :path: "../"
  MFXSDK_MoPub:
    :path: "../"

SPEC CHECKSUMS:
  Google-Mobile-Ads-SDK: fb31b6ef68ef352b551ee29585cd9ceb07230cd0
  GoogleAppMeasurement: 837649ad3987936c232f6717c5680216f6243d24
  GoogleUserMessagingPlatform: ab890ce5f6620f293a21b6bdd82e416a2c73aeca
  GoogleUtilities: 684ee790a24f73ebb2d1d966e9711c203f2a4237
  MFXSDK: 7296cb375d97a3704cbd180468d2a963d06fb109
  MFXSDK_AdMob: 9e8b9de92e25fb0109c1e39c51b5e3203e7c61fc
  MFXSDK_MoPub: dd093732309619fbf428b7bd046ee1d5b79ea85d
  mopub-ios-sdk: d1640225b34ad74700e2acddb116cac634fc45d8
  nanopb: a0ba3315591a9ae0a16a309ee504766e90db0c96
  PromisesObjC: 68159ce6952d93e17b2dfe273b8c40907db5ba58

PODFILE CHECKSUM: fb65290c70deff181bde5c100764dbe348a480fd

COCOAPODS: 1.11.2
